
Microsoft Visual Studio Solution File, Format Version 12.00
# Visual Studio Version 17
VisualStudioVersion = 17.10.34928.147
MinimumVisualStudioVersion = 10.0.40219.1
Project("{FAE04EC0-301F-11D3-BF4B-00C04F79EFBC}") = "simple_calculator", "simple_calculator\simple_calculator.csproj", "{22F4FA6B-3B59-4640-ADA7-E1F762D61830}"
EndProject
Global
	GlobalSection(SolutionConfigurationPlatforms) = preSolution
		Debug|Any CPU = Debug|Any CPU
		Release|Any CPU = Release|Any CPU
	EndGlobalSection
	GlobalSection(ProjectConfigurationPlatforms) = postSolution
		{22F4FA6B-3B59-4640-ADA7-E1F762D61830}.Debug|Any CPU.ActiveCfg = Debug|Any CPU
		{22F4FA6B-3B59-4640-ADA7-E1F762D61830}.Debug|Any CPU.Build.0 = Debug|Any CPU
		{22F4FA6B-3B59-4640-ADA7-E1F762D61830}.Release|Any CPU.ActiveCfg = Release|Any CPU
		{22F4FA6B-3B59-4640-ADA7-E1F762D61830}.Release|Any CPU.Build.0 = Release|Any CPU
	EndGlobalSection
	GlobalSection(SolutionProperties) = preSolution
		HideSolutionNode = FALSE
	EndGlobalSection
	GlobalSection(ExtensibilityGlobals) = postSolution
		SolutionGuid = {B37352A3-C48E-433F-B526-D8D901C3478D}
	EndGlobalSection
EndGlobal
